PODS:
  - Flutter (1.0.0)
  - umeng_analytics_plugin (0.0.1):
    - Flutter
    - UMengAnalytics-NO-IDFA
  - UMengAnalytics-NO-IDFA (4.2.5)

DEPENDENCIES:
  - Flutter (from `Flutter`)
  - umeng_analytics_plugin (from `.symlinks/plugins/umeng_analytics_plugin/ios`)

SPEC REPOS:
  trunk:
    - UMengAnalytics-NO-IDFA

EXTERNAL SOURCES:
  Flutter:
    :path: Flutter
  umeng_analytics_plugin:
    :path: ".symlinks/plugins/umeng_analytics_plugin/ios"

SPEC CHECKSUMS:
  Flutter: 0e3d915762c693b495b44d77113d4970485de6ec
  umeng_analytics_plugin: 7035dfb8c5636e50429ab935125e5a3f0d23e72e
  UMengAnalytics-NO-IDFA: 16666e32edce5be44ae5b14aaaa7f3582e09d6ab

PODFILE CHECKSUM: e45c292f618eeca3034958d33b444b6e1249b55f

COCOAPODS: 1.8.4
